// !$*UTF8*$!
{
	archiveVersion = 1;
	classes = {
	};
	objectVersion = 56;
	objects = {

/* Begin PBXBuildFile section */
		DBE3BD6F29D4019C000566C9 /* AppDelegate.swift in Sources */ = {isa = PBXBuildFile; fileRef = DBE3BD6E29D4019C000566C9 /* AppDelegate.swift */; };
		DBE3BD7129D4019C000566C9 /* SceneDelegate.swift in Sources */ = {isa = PBXBuildFile; fileRef = DBE3BD7029D4019C000566C9 /* SceneDelegate.swift */; };
		DBE3BD7629D4019C000566C9 /* Main.storyboard in Resources */ = {isa = PBXBuildFile; fileRef = DBE3BD7429D4019C000566C9 /* Main.storyboard */; };
		DBE3BD7929D4019C000566C9 /* coreDataTodo.xcdatamodeld in Sources */ = {isa = PBXBuildFile; fileRef = DBE3BD7729D4019C000566C9 /* coreDataTodo.xcdatamodeld */; };
		DBE3BD7B29D4019D000566C9 /* Assets.xcassets in Resources */ = {isa = PBXBuildFile; fileRef = DBE3BD7A29D4019D000566C9 /* Assets.xcassets */; };
		DBE3BD7E29D4019D000566C9 /* LaunchScreen.storyboard in Resources */ = {isa = PBXBuildFile; fileRef = DBE3BD7C29D4019D000566C9 /* LaunchScreen.storyboard */; };
		DBE3BD8729D40368000566C9 /* ToDoList+CoreDataClass.swift in Sources */ = {isa = PBXBuildFile; fileRef = DBE3BD8529D40368000566C9 /* ToDoList+CoreDataClass.swift */; };
		DBE3BD8829D40368000566C9 /* ToDoList+CoreDataProperties.swift in Sources */ = {isa = PBXBuildFile; fileRef = DBE3BD8629D40368000566C9 /* ToDoList+CoreDataProperties.swift */; };
		DBE3BD8B29D4075C000566C9 /* TableViewController.swift in Sources */ = {isa = PBXBuildFile; fileRef = DBE3BD8A29D4075C000566C9 /* TableViewController.swift */; };
/* End PBXBuildFile section */

/* Begin PBXFileReference section */
		DBE3BD6B29D4019C000566C9 /* coreDataTodo.app */ = {isa = PBXFileReference; explicitFileType = wrapper.application; includeInIndex = 0; path = coreDataTodo.app; sourceTree = BUILT_PRODUCTS_DIR; };
		DBE3BD6E29D4019C000566C9 /* AppDelegate.swift */ = {isa = PBXFileReference; lastKnownFileType = sourcecode.swift; path = AppDelegate.swift; sourceTree = "<group>"; };
		DBE3BD7029D4019C000566C9 /* SceneDelegate.swift */ = {isa = PBXFileReference; lastKnownFileType = sourcecode.swift; path = SceneDelegate.swift; sourceTree = "<group>"; };
		DBE3BD7529D4019C000566C9 /* Base */ = {isa = PBXFileReference; lastKnownFileType = file.storyboard; name = Base; path = Base.lproj/Main.storyboard; sourceTree = "<group>"; };
		DBE3BD7829D4019C000566C9 /* coreDataTodo.xcdatamodel */ = {isa = PBXFileReference; lastKnownFileType = wrapper.xcdatamodel; path = coreDataTodo.xcdatamodel; sourceTree = "<group>"; };
		DBE3BD7A29D4019D000566C9 /* Assets.xcassets */ = {isa = PBXFileReference; lastKnownFileType = folder.assetcatalog; path = Assets.xcassets; sourceTree = "<group>"; };
		DBE3BD7D29D4019D000566C9 /* Base */ = {isa = PBXFileReference; lastKnownFileType = file.storyboard; name = Base; path = Base.lproj/LaunchScreen.storyboard; sourceTree = "<group>"; };
		DBE3BD7F29D4019D000566C9 /* Info.plist */ = {isa = PBXFileReference; lastKnownFileType = text.plist.xml; path = Info.plist; sourceTree = "<group>"; };
		DBE3BD8529D40368000566C9 /* ToDoList+CoreDataClass.swift */ = {isa = PBXFileReference; lastKnownFileType = sourcecode.swift; path = "ToDoList+CoreDataClass.swift"; sourceTree = "<group>"; };
		DBE3BD8629D40368000566C9 /* ToDoList+CoreDataProperties.swift */ = {isa = PBXFileReference; lastKnownFileType = sourcecode.swift; path = "ToDoList+CoreDataProperties.swift"; sourceTree = "<group>"; };
		DBE3BD8A29D4075C000566C9 /* TableViewController.swift */ = {isa = PBXFileReference; lastKnownFileType = sourcecode.swift; path = TableViewController.swift; sourceTree = "<group>"; };
/* End PBXFileReference section */

/* Begin PBXFrameworksBuildPhase section */
		DBE3BD6829D4019C000566C9 /* Frameworks */ = {
			isa = PBXFrameworksBuildPhase;
			buildActionMask = 2147483647;
			files = (
			);
			runOnlyForDeploymentPostprocessing = 0;
		};
/* End PBXFrameworksBuildPhase section */

/* Begin PBXGroup section */
		DBE3BD6229D4019C000566C9 = {
			isa = PBXGroup;
			children = (
				DBE3BD6D29D4019C000566C9 /* coreDataTodo */,
				DBE3BD6C29D4019C000566C9 /* Products */,
			);
			sourceTree = "<group>";
		};
		DBE3BD6C29D4019C000566C9 /* Products */ = {
			isa = PBXGroup;
			children = (
				DBE3BD6B29D4019C000566C9 /* coreDataTodo.app */,
			);
			name = Products;
			sourceTree = "<group>";
		};
		DBE3BD6D29D4019C000566C9 /* coreDataTodo */ = {
			isa = PBXGroup;
			children = (
				DBE3BD8929D403A4000566C9 /* ToDoList */,
				DBE3BD6E29D4019C000566C9 /* AppDelegate.swift */,
				DBE3BD7029D4019C000566C9 /* SceneDelegate.swift */,
				DBE3BD7429D4019C000566C9 /* Main.storyboard */,
				DBE3BD8A29D4075C000566C9 /* TableViewController.swift */,
				DBE3BD7A29D4019D000566C9 /* Assets.xcassets */,
				DBE3BD7C29D4019D000566C9 /* LaunchScreen.storyboard */,
				DBE3BD7F29D4019D000566C9 /* Info.plist */,
				DBE3BD7729D4019C000566C9 /* coreDataTodo.xcdatamodeld */,
			);
			path = coreDataTodo;
			sourceTree = "<group>";
		};
		DBE3BD8929D403A4000566C9 /* ToDoList */ = {
			isa = PBXGroup;
			children = (
				DBE3BD8529D40368000566C9 /* ToDoList+CoreDataClass.swift */,
				DBE3BD8629D40368000566C9 /* ToDoList+CoreDataProperties.swift */,
			);
			path = ToDoList;
			sourceTree = "<group>";
		};
/* End PBXGroup section */

/* Begin PBXNativeTarget section */
		DBE3BD6A29D4019C000566C9 /* coreDataTodo */ = {
			isa = PBXNativeTarget;
			buildConfigurationList = DBE3BD8229D4019D000566C9 /* Build configuration list for PBXNativeTarget "coreDataTodo" */;
			buildPhases = (
				DBE3BD6729D4019C000566C9 /* Sources */,
				DBE3BD6829D4019C000566C9 /* Frameworks */,
				DBE3BD6929D4019C000566C9 /* Resources */,
			);
			buildRules = (
			);
			dependencies = (
			);
			name = coreDataTodo;
			productName = coreDataTodo;
			productReference = DBE3BD6B29D4019C000566C9 /* coreDataTodo.app */;
			productType = "com.apple.product-type.application";
		};
/* End PBXNativeTarget section */

/* Begin PBXProject section */
		DBE3BD6329D4019C000566C9 /* Project object */ = {
			isa = PBXProject;
			attributes = {
				BuildIndependentTargetsInParallel = 1;
				LastSwiftUpdateCheck = 1420;
				LastUpgradeCheck = 1420;
				TargetAttributes = {
					DBE3BD6A29D4019C000566C9 = {
						CreatedOnToolsVersion = 14.2;
					};
				};
			};
			buildConfigurationList = DBE3BD6629D4019C000566C9 /* Build configuration list for PBXProject "coreDataTodo" */;
			compatibilityVersion = "Xcode 14.0";
			developmentRegion = en;
			hasScannedForEncodings = 0;
			knownRegions = (
				en,
				Base,
			);
			mainGroup = DBE3BD6229D4019C000566C9;
			productRefGroup = DBE3BD6C29D4019C000566C9 /* Products */;
			projectDirPath = "";
			projectRoot = "";
			targets = (
				DBE3BD6A29D4019C000566C9 /* coreDataTodo */,
			);
		};
/* End PBXProject section */

/* Begin PBXResourcesBuildPhase section */
		DBE3BD6929D4019C000566C9 /* Resources */ = {
			isa = PBXResourcesBuildPhase;
			buildActionMask = 2147483647;
			files = (
				DBE3BD7E29D4019D000566C9 /* LaunchScreen.storyboard in Resources */,
				DBE3BD7B29D4019D000566C9 /* Assets.xcassets in Resources */,
				DBE3BD7629D4019C000566C9 /* Main.storyboard in Resources */,
			);
			runOnlyForDeploymentPostprocessing = 0;
		};
/* End PBXResourcesBuildPhase section */

/* Begin PBXSourcesBuildPhase section */
		DBE3BD6729D4019C000566C9 /* Sources */ = {
			isa = PBXSourcesBuildPhase;
			buildActionMask = 2147483647;
			files = (
				DBE3BD8729D40368000566C9 /* ToDoList+CoreDataClass.swift in Sources */,
				DBE3BD8B29D4075C000566C9 /* TableViewController.swift in Sources */,
				DBE3BD6F29D4019C000566C9 /* AppDelegate.swift in Sources */,
				DBE3BD7929D4019C000566C9 /* coreDataTodo.xcdatamodeld in Sources */,
				DBE3BD7129D4019C000566C9 /* SceneDelegate.swift in Sources */,
				DBE3BD8829D40368000566C9 /* ToDoList+CoreDataProperties.swift in Sources */,
			);
			runOnlyForDeploymentPostprocessing = 0;
		};
/* End PBXSourcesBuildPhase section */

/* Begin PBXVariantGroup section */
		DBE3BD7429D4019C000566C9 /* Main.storyboard */ = {
			isa = PBXVariantGroup;
			children = (
				DBE3BD7529D4019C000566C9 /* Base */,
			);
			name = Main.storyboard;
			sourceTree = "<group>";
		};
		DBE3BD7C29D4019D000566C9 /* LaunchScreen.storyboard */ = {
			isa = PBXVariantGroup;
			children = (
				DBE3BD7D29D4019D000566C9 /* Base */,
			);
			name = LaunchScreen.storyboard;
			sourceTree = "<group>";
		};
/* End PBXVariantGroup section */

/* Begin XCBuildConfiguration section */
		DBE3BD8029D4019D000566C9 /* Debug */ = {
			isa = XCBuildConfiguration;
			buildSettings = {
				ALWAYS_SEARCH_USER_PATHS = NO;
				CLANG_ANALYZER_NONNULL = YES;
				CLANG_ANALYZER_NUMBER_OBJECT_CONVERSION = YES_AGGRESSIVE;
				CLANG_CXX_LANGUAGE_STANDARD = "gnu++20";
				CLANG_ENABLE_MODULES = YES;
				CLANG_ENABLE_OBJC_ARC = YES;
				CLANG_ENABLE_OBJC_WEAK = YES;
				CLANG_WARN_BLOCK_CAPTURE_AUTORELEASING = YES;
				CLANG_WARN_BOOL_CONVERSION = YES;
				CLANG_WARN_COMMA = YES;
				CLANG_WARN_CONSTANT_CONVERSION = YES;
				CLANG_WARN_DEPRECATED_OBJC_IMPLEMENTATIONS = YES;
				CLANG_WARN_DIRECT_OBJC_ISA_USAGE = YES_ERROR;
				CLANG_WARN_DOCUMENTATION_COMMENTS = YES;
				CLANG_WARN_EMPTY_BODY = YES;
				CLANG_WARN_ENUM_CONVERSION = YES;
				CLANG_WARN_INFINITE_RECURSION = YES;
				CLANG_WARN_INT_CONVERSION = YES;
				CLANG_WARN_NON_LITERAL_NULL_CONVERSION = YES;
				CLANG_WARN_OBJC_IMPLICIT_RETAIN_SELF = YES;
				CLANG_WARN_OBJC_LITERAL_CONVERSION = YES;
				CLANG_WARN_OBJC_ROOT_CLASS = YES_ERROR;
				CLANG_WARN_QUOTED_INCLUDE_IN_FRAMEWORK_HEADER = YES;
				CLANG_WARN_RANGE_LOOP_ANALYSIS = YES;
				CLANG_WARN_STRICT_PROTOTYPES = YES;
				CLANG_WARN_SUSPICIOUS_MOVE = YES;
				CLANG_WARN_UNGUARDED_AVAILABILITY = YES_AGGRESSIVE;
				CLANG_WARN_UNREACHABLE_CODE = YES;
				CLANG_WARN__DUPLICATE_METHOD_MATCH = YES;
				COPY_PHASE_STRIP = NO;
				DEBUG_INFORMATION_FORMAT = dwarf;
				ENABLE_STRICT_OBJC_MSGSEND = YES;
				ENABLE_TESTABILITY = YES;
				GCC_C_LANGUAGE_STANDARD = gnu11;
				GCC_DYNAMIC_NO_PIC = NO;
				GCC_NO_COMMON_BLOCKS = YES;
				GCC_OPTIMIZATION_LEVEL = 0;
				GCC_PREPROCESSOR_DEFINITIONS = (
					"DEBUG=1",
					"$(inherited)",
				);
				GCC_WARN_64_TO_32_BIT_CONVERSION = YES;
				GCC_WARN_ABOUT_RETURN_TYPE = YES_ERROR;
				GCC_WARN_UNDECLARED_SELECTOR = YES;
				GCC_WARN_UNINITIALIZED_AUTOS = YES_AGGRESSIVE;
				GCC_WARN_UNUSED_FUNCTION = YES;
				GCC_WARN_UNUSED_VARIABLE = YES;
				IPHONEOS_DEPLOYMENT_TARGET = 16.2;
				MTL_ENABLE_DEBUG_INFO = INCLUDE_SOURCE;
				MTL_FAST_MATH = YES;
				ONLY_ACTIVE_ARCH = YES;
				SDKROOT = iphoneos;
				SWIFT_ACTIVE_COMPILATION_CONDITIONS = DEBUG;
				SWIFT_OPTIMIZATION_LEVEL = "-Onone";
			};
			name = Debug;
		};
		DBE3BD8129D4019D000566C9 /* Release */ = {
			isa = XCBuildConfiguration;
			buildSettings = {
				ALWAYS_SEARCH_USER_PATHS = NO;
				CLANG_ANALYZER_NONNULL = YES;
				CLANG_ANALYZER_NUMBER_OBJECT_CONVERSION = YES_AGGRESSIVE;
				CLANG_CXX_LANGUAGE_STANDARD = "gnu++20";
				CLANG_ENABLE_MODULES = YES;
				CLANG_ENABLE_OBJC_ARC = YES;
				CLANG_ENABLE_OBJC_WEAK = YES;
				CLANG_WARN_BLOCK_CAPTURE_AUTORELEASING = YES;
				CLANG_WARN_BOOL_CONVERSION = YES;
				CLANG_WARN_COMMA = YES;
				CLANG_WARN_CONSTANT_CONVERSION = YES;
				CLANG_WARN_DEPRECATED_OBJC_IMPLEMENTATIONS = YES;
				CLANG_WARN_DIRECT_OBJC_ISA_USAGE = YES_ERROR;
				CLANG_WARN_DOCUMENTATION_COMMENTS = YES;
				CLANG_WARN_EMPTY_BODY = YES;
				CLANG_WARN_ENUM_CONVERSION = YES;
				CLANG_WARN_INFINITE_RECURSION = YES;
				CLANG_WARN_INT_CONVERSION = YES;
				CLANG_WARN_NON_LITERAL_NULL_CONVERSION = YES;
				CLANG_WARN_OBJC_IMPLICIT_RETAIN_SELF = YES;
				CLANG_WARN_OBJC_LITERAL_CONVERSION = YES;
				CLANG_WARN_OBJC_ROOT_CLASS = YES_ERROR;
				CLANG_WARN_QUOTED_INCLUDE_IN_FRAMEWORK_HEADER = YES;
				CLANG_WARN_RANGE_LOOP_ANALYSIS = YES;
				CLANG_WARN_STRICT_PROTOTYPES = YES;
				CLANG_WARN_SUSPICIOUS_MOVE = YES;
				CLANG_WARN_UNGUARDED_AVAILABILITY = YES_AGGRESSIVE;
				CLANG_WARN_UNREACHABLE_CODE = YES;
				CLANG_WARN__DUPLICATE_METHOD_MATCH = YES;
				COPY_PHASE_STRIP = NO;
				DEBUG_INFORMATION_FORMAT = "dwarf-with-dsym";
				ENABLE_NS_ASSERTIONS = NO;
				ENABLE_STRICT_OBJC_MSGSEND = YES;
				GCC_C_LANGUAGE_STANDARD = gnu11;
				GCC_NO_COMMON_BLOCKS = YES;
				GCC_WARN_64_TO_32_BIT_CONVERSION = YES;
				GCC_WARN_ABOUT_RETURN_TYPE = YES_ERROR;
				GCC_WARN_UNDECLARED_SELECTOR = YES;
				GCC_WARN_UNINITIALIZED_AUTOS = YES_AGGRESSIVE;
				GCC_WARN_UNUSED_FUNCTION = YES;
				GCC_WARN_UNUSED_VARIABLE = YES;
				IPHONEOS_DEPLOYMENT_TARGET = 16.2;
				MTL_ENABLE_DEBUG_INFO = NO;
				MTL_FAST_MATH = YES;
				SDKROOT = iphoneos;
				SWIFT_COMPILATION_MODE = wholemodule;
				SWIFT_OPTIMIZATION_LEVEL = "-O";
				VALIDATE_PRODUCT = YES;
			};
			name = Release;
		};
		DBE3BD8329D4019D000566C9 /* Debug */ = {
			isa = XCBuildConfiguration;
			buildSettings = {
				ASSETCATALOG_COMPILER_APPICON_NAME = AppIcon;
				ASSETCATALOG_COMPILER_GLOBAL_ACCENT_COLOR_NAME = AccentColor;
				CODE_SIGN_STYLE = Automatic;
				CURRENT_PROJECT_VERSION = 1;
				GENERATE_INFOPLIST_FILE = YES;
				INFOPLIST_FILE = coreDataTodo/Info.plist;
				INFOPLIST_KEY_UIApplicationSupportsIndirectInputEvents = YES;
				INFOPLIST_KEY_UILaunchStoryboardName = LaunchScreen;
				INFOPLIST_KEY_UIMainStoryboardFile = Main;
				INFOPLIST_KEY_UISupportedInterfaceOrientations_iPad = "UIInterfaceOrientationPortrait UIInterfaceOrientationPortraitUpsideDown UIInterfaceOrientationLandscapeLeft UIInterfaceOrientationLandscapeRight";
				INFOPLIST_KEY_UISupportedInterfaceOrientations_iPhone = "UIInterfaceOrientationPortrait UIInterfaceOrientationLandscapeLeft UIInterfaceOrientationLandscapeRight";
				LD_RUNPATH_SEARCH_PATHS = (
					"$(inherited)",
					"@executable_path/Frameworks",
				);
				MARKETING_VERSION = 1.0;
				PRODUCT_BUNDLE_IDENTIFIER = rish.coreDataTodo;
				PRODUCT_NAME = "$(TARGET_NAME)";
				SWIFT_EMIT_LOC_STRINGS = YES;
				SWIFT_VERSION = 5.0;
				TARGETED_DEVICE_FAMILY = "1,2";
			};
			name = Debug;
		};
		DBE3BD8429D4019D000566C9 /* Release */ = {
			isa = XCBuildConfiguration;
			buildSettings = {
				ASSETCATALOG_COMPILER_APPICON_NAME = AppIcon;
				ASSETCATALOG_COMPILER_GLOBAL_ACCENT_COLOR_NAME = AccentColor;
				CODE_SIGN_STYLE = Automatic;
				CURRENT_PROJECT_VERSION = 1;
				GENERATE_INFOPLIST_FILE = YES;
				INFOPLIST_FILE = coreDataTodo/Info.plist;
				INFOPLIST_KEY_UIApplicationSupportsIndirectInputEvents = YES;
				INFOPLIST_KEY_UILaunchStoryboardName = LaunchScreen;
				INFOPLIST_KEY_UIMainStoryboardFile = Main;
				INFOPLIST_KEY_UISupportedInterfaceOrientations_iPad = "UIInterfaceOrientationPortrait UIInterfaceOrientationPortraitUpsideDown UIInterfaceOrientationLandscapeLeft UIInterfaceOrientationLandscapeRight";
				INFOPLIST_KEY_UISupportedInterfaceOrientations_iPhone = "UIInterfaceOrientationPortrait UIInterfaceOrientationLandscapeLeft UIInterfaceOrientationLandscapeRight";
				LD_RUNPATH_SEARCH_PATHS = (
					"$(inherited)",
					"@executable_path/Frameworks",
				);
				MARKETING_VERSION = 1.0;
				PRODUCT_BUNDLE_IDENTIFIER = rish.coreDataTodo;
				PRODUCT_NAME = "$(TARGET_NAME)";
				SWIFT_EMIT_LOC_STRINGS = YES;
				SWIFT_VERSION = 5.0;
				TARGETED_DEVICE_FAMILY = "1,2";
			};
			name = Release;
		};
/* End XCBuildConfiguration section */

/* Begin XCConfigurationList section */
		DBE3BD6629D4019C000566C9 /* Build configuration list for PBXProject "coreDataTodo" */ = {
			isa = XCConfigurationList;
			buildConfigurations = (
				DBE3BD8029D4019D000566C9 /* Debug */,
				DBE3BD8129D4019D000566C9 /* Release */,
			);
			defaultConfigurationIsVisible = 0;
			defaultConfigurationName = Release;
		};
		DBE3BD8229D4019D000566C9 /* Build configuration list for PBXNativeTarget "coreDataTodo" */ = {
			isa = XCConfigurationList;
			buildConfigurations = (
				DBE3BD8329D4019D000566C9 /* Debug */,
				DBE3BD8429D4019D000566C9 /* Release */,
			);
			defaultConfigurationIsVisible = 0;
			defaultConfigurationName = Release;
		};
/* End XCConfigurationList section */

/* Begin XCVersionGroup section */
		DBE3BD7729D4019C000566C9 /* coreDataTodo.xcdatamodeld */ = {
			isa = XCVersionGroup;
			children = (
				DBE3BD7829D4019C000566C9 /* coreDataTodo.xcdatamodel */,
			);
			currentVersion = DBE3BD7829D4019C000566C9 /* coreDataTodo.xcdatamodel */;
			path = coreDataTodo.xcdatamodeld;
			sourceTree = "<group>";
			versionGroupType = wrapper.xcdatamodel;
		};
/* End XCVersionGroup section */
	};
	rootObject = DBE3BD6329D4019C000566C9 /* Project object */;
}
